// !$*UTF8*$!
{
	archiveVersion = 1;
	classes = {
	};
	objectVersion = 46;
	objects = {

/* Begin PBXBuildFile section */
		43E4AE8A1F63309D00114D14 /* AppDelegate.swift in Sources */ = {isa = PBXBuildFile; fileRef = 43E4AE891F63309D00114D14 /* AppDelegate.swift */; };
		43E4AE8F1F63309D00114D14 /* Main.storyboard in Resources */ = {isa = PBXBuildFile; fileRef = 43E4AE8D1F63309D00114D14 /* Main.storyboard */; };
		43E4AE911F63309D00114D14 /* Assets.xcassets in Resources */ = {isa = PBXBuildFile; fileRef = 43E4AE901F63309D00114D14 /* Assets.xcassets */; };
		43E4AE941F63309D00114D14 /* LaunchScreen.storyboard in Resources */ = {isa = PBXBuildFile; fileRef = 43E4AE921F63309D00114D14 /* LaunchScreen.storyboard */; };
		43E4AEA51F634AF900114D14 /* Default-568h@2x.png in Resources */ = {isa = PBXBuildFile; fileRef = 43E4AEA41F634AF900114D14 /* Default-568h@2x.png */; };
		5F875DE21F635C08000FAF53 /* APIClient.swift in Sources */ = {isa = PBXBuildFile; fileRef = 5F875DE11F635C08000FAF53 /* APIClient.swift */; };
		5F875DE41F635C5B000FAF53 /* NibLoadableView.swift in Sources */ = {isa = PBXBuildFile; fileRef = 5F875DE31F635C5B000FAF53 /* NibLoadableView.swift */; };
		5F875DE61F635C76000FAF53 /* ReusableView.swift in Sources */ = {isa = PBXBuildFile; fileRef = 5F875DE51F635C76000FAF53 /* ReusableView.swift */; };
		5F875DEA1F635E8D000FAF53 /* UITableView+Ext.swift in Sources */ = {isa = PBXBuildFile; fileRef = 5F875DE91F635E8D000FAF53 /* UITableView+Ext.swift */; };
		5F875DED1F635F2D000FAF53 /* ListCell.swift in Sources */ = {isa = PBXBuildFile; fileRef = 5F875DEB1F635F2D000FAF53 /* ListCell.swift */; };
		5F875DEE1F635F2D000FAF53 /* ListCell.xib in Resources */ = {isa = PBXBuildFile; fileRef = 5F875DEC1F635F2D000FAF53 /* ListCell.xib */; };
		5F875DF01F63610C000FAF53 /* ListVC.swift in Sources */ = {isa = PBXBuildFile; fileRef = 5F875DEF1F63610C000FAF53 /* ListVC.swift */; };
		5F875DF21F636172000FAF53 /* Person.swift in Sources */ = {isa = PBXBuildFile; fileRef = 5F875DF11F636172000FAF53 /* Person.swift */; };
/* End PBXBuildFile section */

/* Begin PBXFileReference section */
		43E4AE861F63309D00114D14 /* Test.app */ = {isa = PBXFileReference; explicitFileType = wrapper.application; includeInIndex = 0; path = Test.app; sourceTree = BUILT_PRODUCTS_DIR; };
		43E4AE891F63309D00114D14 /* AppDelegate.swift */ = {isa = PBXFileReference; lastKnownFileType = sourcecode.swift; name = AppDelegate.swift; path = Controllers/AppDelegate.swift; sourceTree = "<group>"; };
		43E4AE8E1F63309D00114D14 /* Base */ = {isa = PBXFileReference; lastKnownFileType = file.storyboard; name = Base; path = Base.lproj/Main.storyboard; sourceTree = "<group>"; };
		43E4AE901F63309D00114D14 /* Assets.xcassets */ = {isa = PBXFileReference; lastKnownFileType = folder.assetcatalog; name = Assets.xcassets; path = Resources/Assets.xcassets; sourceTree = "<group>"; };
		43E4AE931F63309D00114D14 /* Base */ = {isa = PBXFileReference; lastKnownFileType = file.storyboard; name = Base; path = Base.lproj/LaunchScreen.storyboard; sourceTree = "<group>"; };
		43E4AE951F63309D00114D14 /* Info.plist */ = {isa = PBXFileReference; lastKnownFileType = text.plist.xml; name = Info.plist; path = Resources/Info.plist; sourceTree = "<group>"; };
		43E4AEA41F634AF900114D14 /* Default-568h@2x.png */ = {isa = PBXFileReference; lastKnownFileType = image.png; name = "Default-568h@2x.png"; path = "Resources/Default-568h@2x.png"; sourceTree = "<group>"; };
		5F875DE11F635C08000FAF53 /* APIClient.swift */ = {isa = PBXFileReference; fileEncoding = 4; lastKnownFileType = sourcecode.swift; name = APIClient.swift; path = API/APIClient.swift; sourceTree = "<group>"; };
		5F875DE31F635C5B000FAF53 /* NibLoadableView.swift */ = {isa = PBXFileReference; fileEncoding = 4; lastKnownFileType = sourcecode.swift; name = NibLoadableView.swift; path = Protocols/NibLoadableView.swift; sourceTree = "<group>"; };
		5F875DE51F635C76000FAF53 /* ReusableView.swift */ = {isa = PBXFileReference; fileEncoding = 4; lastKnownFileType = sourcecode.swift; name = ReusableView.swift; path = Protocols/ReusableView.swift; sourceTree = "<group>"; };
		5F875DE91F635E8D000FAF53 /* UITableView+Ext.swift */ = {isa = PBXFileReference; fileEncoding = 4; lastKnownFileType = sourcecode.swift; name = "UITableView+Ext.swift"; path = "Extensions/UITableView+Ext.swift"; sourceTree = "<group>"; };
		5F875DEB1F635F2D000FAF53 /* ListCell.swift */ = {isa = PBXFileReference; fileEncoding = 4; lastKnownFileType = sourcecode.swift; name = ListCell.swift; path = Views/ListCell.swift; sourceTree = "<group>"; };
		5F875DEC1F635F2D000FAF53 /* ListCell.xib */ = {isa = PBXFileReference; fileEncoding = 4; lastKnownFileType = file.xib; name = ListCell.xib; path = Views/ListCell.xib; sourceTree = "<group>"; };
		5F875DEF1F63610C000FAF53 /* ListVC.swift */ = {isa = PBXFileReference; fileEncoding = 4; lastKnownFileType = sourcecode.swift; name = ListVC.swift; path = Controllers/ListVC.swift; sourceTree = "<group>"; };
		5F875DF11F636172000FAF53 /* Person.swift */ = {isa = PBXFileReference; fileEncoding = 4; lastKnownFileType = sourcecode.swift; name = Person.swift; path = Models/Person.swift; sourceTree = "<group>"; };
/* End PBXFileReference section */

/* Begin PBXFrameworksBuildPhase section */
		43E4AE831F63309D00114D14 /* Frameworks */ = {
			isa = PBXFrameworksBuildPhase;
			buildActionMask = 2147483647;
			files = (
			);
			runOnlyForDeploymentPostprocessing = 0;
		};
/* End PBXFrameworksBuildPhase section */

/* Begin PBXGroup section */
		43E4AE7D1F63309D00114D14 = {
			isa = PBXGroup;
			children = (
				43E4AE881F63309D00114D14 /* Test */,
				43E4AE871F63309D00114D14 /* Products */,
			);
			sourceTree = "<group>";
		};
		43E4AE871F63309D00114D14 /* Products */ = {
			isa = PBXGroup;
			children = (
				43E4AE861F63309D00114D14 /* Test.app */,
			);
			name = Products;
			sourceTree = "<group>";
		};
		43E4AE881F63309D00114D14 /* Test */ = {
			isa = PBXGroup;
			children = (
				43E4AE9B1F633FF100114D14 /* API */,
				43E4AE9E1F63401200114D14 /* Models */,
				43E4AE9F1F63401A00114D14 /* Views */,
				43E4AEA01F63402400114D14 /* Controllers */,
				43E4AE9D1F63400900114D14 /* Protocols */,
				43E4AE9C1F633FF900114D14 /* Extensions */,
				43E4AEA11F63402F00114D14 /* Resources */,
				43E4AE8D1F63309D00114D14 /* Main.storyboard */,
				43E4AE921F63309D00114D14 /* LaunchScreen.storyboard */,
			);
			path = Test;
			sourceTree = "<group>";
		};
		43E4AE9B1F633FF100114D14 /* API */ = {
			isa = PBXGroup;
			children = (
				5F875DE11F635C08000FAF53 /* APIClient.swift */,
			);
			name = API;
			sourceTree = "<group>";
		};
		43E4AE9C1F633FF900114D14 /* Extensions */ = {
			isa = PBXGroup;
			children = (
				5F875DE91F635E8D000FAF53 /* UITableView+Ext.swift */,
			);
			name = Extensions;
			sourceTree = "<group>";
		};
		43E4AE9D1F63400900114D14 /* Protocols */ = {
			isa = PBXGroup;
			children = (
				5F875DE31F635C5B000FAF53 /* NibLoadableView.swift */,
				5F875DE51F635C76000FAF53 /* ReusableView.swift */,
			);
			name = Protocols;
			sourceTree = "<group>";
		};
		43E4AE9E1F63401200114D14 /* Models */ = {
			isa = PBXGroup;
			children = (
				5F875DF11F636172000FAF53 /* Person.swift */,
			);
			name = Models;
			sourceTree = "<group>";
		};
		43E4AE9F1F63401A00114D14 /* Views */ = {
			isa = PBXGroup;
			children = (
				5F875DEB1F635F2D000FAF53 /* ListCell.swift */,
				5F875DEC1F635F2D000FAF53 /* ListCell.xib */,
			);
			name = Views;
			sourceTree = "<group>";
		};
		43E4AEA01F63402400114D14 /* Controllers */ = {
			isa = PBXGroup;
			children = (
				43E4AE891F63309D00114D14 /* AppDelegate.swift */,
				5F875DEF1F63610C000FAF53 /* ListVC.swift */,
			);
			name = Controllers;
			sourceTree = "<group>";
		};
		43E4AEA11F63402F00114D14 /* Resources */ = {
			isa = PBXGroup;
			children = (
				43E4AE901F63309D00114D14 /* Assets.xcassets */,
				43E4AE951F63309D00114D14 /* Info.plist */,
				43E4AEA41F634AF900114D14 /* Default-568h@2x.png */,
			);
			name = Resources;
			sourceTree = "<group>";
		};
/* End PBXGroup section */

/* Begin PBXNativeTarget section */
		43E4AE851F63309D00114D14 /* Test */ = {
			isa = PBXNativeTarget;
			buildConfigurationList = 43E4AE981F63309D00114D14 /* Build configuration list for PBXNativeTarget "Test" */;
			buildPhases = (
				43E4AE821F63309D00114D14 /* Sources */,
				43E4AE831F63309D00114D14 /* Frameworks */,
				43E4AE841F63309D00114D14 /* Resources */,
			);
			buildRules = (
			);
			dependencies = (
			);
			name = Test;
			productName = Test;
			productReference = 43E4AE861F63309D00114D14 /* Test.app */;
			productType = "com.apple.product-type.application";
		};
/* End PBXNativeTarget section */

/* Begin PBXProject section */
		43E4AE7E1F63309D00114D14 /* Project object */ = {
			isa = PBXProject;
			attributes = {
				LastSwiftUpdateCheck = 0830;
				LastUpgradeCheck = 0830;
				ORGANIZATIONNAME = "Esteban garibay";
				TargetAttributes = {
					43E4AE851F63309D00114D14 = {
						CreatedOnToolsVersion = 8.3.2;
						DevelopmentTeam = X5DLQ488SL;
						ProvisioningStyle = Automatic;
					};
				};
			};
			buildConfigurationList = 43E4AE811F63309D00114D14 /* Build configuration list for PBXProject "Test" */;
			compatibilityVersion = "Xcode 3.2";
			developmentRegion = English;
			hasScannedForEncodings = 0;
			knownRegions = (
				en,
				Base,
			);
			mainGroup = 43E4AE7D1F63309D00114D14;
			productRefGroup = 43E4AE871F63309D00114D14 /* Products */;
			projectDirPath = "";
			projectRoot = "";
			targets = (
				43E4AE851F63309D00114D14 /* Test */,
			);
		};
/* End PBXProject section */

/* Begin PBXResourcesBuildPhase section */
		43E4AE841F63309D00114D14 /* Resources */ = {
			isa = PBXResourcesBuildPhase;
			buildActionMask = 2147483647;
			files = (
				43E4AE941F63309D00114D14 /* LaunchScreen.storyboard in Resources */,
				43E4AEA51F634AF900114D14 /* Default-568h@2x.png in Resources */,
				43E4AE911F63309D00114D14 /* Assets.xcassets in Resources */,
				43E4AE8F1F63309D00114D14 /* Main.storyboard in Resources */,
				5F875DEE1F635F2D000FAF53 /* ListCell.xib in Resources */,
			);
			runOnlyForDeploymentPostprocessing = 0;
		};
/* End PBXResourcesBuildPhase section */

/* Begin PBXSourcesBuildPhase section */
		43E4AE821F63309D00114D14 /* Sources */ = {
			isa = PBXSourcesBuildPhase;
			buildActionMask = 2147483647;
			files = (
				5F875DF01F63610C000FAF53 /* ListVC.swift in Sources */,
				5F875DE41F635C5B000FAF53 /* NibLoadableView.swift in Sources */,
				43E4AE8A1F63309D00114D14 /* AppDelegate.swift in Sources */,
				5F875DEA1F635E8D000FAF53 /* UITableView+Ext.swift in Sources */,
				5F875DF21F636172000FAF53 /* Person.swift in Sources */,
				5F875DED1F635F2D000FAF53 /* ListCell.swift in Sources */,
				5F875DE21F635C08000FAF53 /* APIClient.swift in Sources */,
				5F875DE61F635C76000FAF53 /* ReusableView.swift in Sources */,
			);
			runOnlyForDeploymentPostprocessing = 0;
		};
/* End PBXSourcesBuildPhase section */

/* Begin PBXVariantGroup section */
		43E4AE8D1F63309D00114D14 /* Main.storyboard */ = {
			isa = PBXVariantGroup;
			children = (
				43E4AE8E1F63309D00114D14 /* Base */,
			);
			name = Main.storyboard;
			sourceTree = "<group>";
		};
		43E4AE921F63309D00114D14 /* LaunchScreen.storyboard */ = {
			isa = PBXVariantGroup;
			children = (
				43E4AE931F63309D00114D14 /* Base */,
			);
			name = LaunchScreen.storyboard;
			sourceTree = "<group>";
		};
/* End PBXVariantGroup section */

/* Begin XCBuildConfiguration section */
		43E4AE961F63309D00114D14 /* Debug */ = {
			isa = XCBuildConfiguration;
			buildSettings = {
				ALWAYS_SEARCH_USER_PATHS = NO;
				CLANG_ANALYZER_NONNULL = YES;
				CLANG_ANALYZER_NUMBER_OBJECT_CONVERSION = YES_AGGRESSIVE;
				CLANG_CXX_LANGUAGE_STANDARD = "gnu++0x";
				CLANG_CXX_LIBRARY = "libc++";
				CLANG_ENABLE_MODULES = YES;
				CLANG_ENABLE_OBJC_ARC = YES;
				CLANG_WARN_BOOL_CONVERSION = YES;
				CLANG_WARN_CONSTANT_CONVERSION = YES;
				CLANG_WARN_DIRECT_OBJC_ISA_USAGE = YES_ERROR;
				CLANG_WARN_DOCUMENTATION_COMMENTS = YES;
				CLANG_WARN_EMPTY_BODY = YES;
				CLANG_WARN_ENUM_CONVERSION = YES;
				CLANG_WARN_INFINITE_RECURSION = YES;
				CLANG_WARN_INT_CONVERSION = YES;
				CLANG_WARN_OBJC_ROOT_CLASS = YES_ERROR;
				CLANG_WARN_SUSPICIOUS_MOVE = YES;
				CLANG_WARN_UNREACHABLE_CODE = YES;
				CLANG_WARN__DUPLICATE_METHOD_MATCH = YES;
				"CODE_SIGN_IDENTITY[sdk=iphoneos*]" = "iPhone Developer";
				COPY_PHASE_STRIP = NO;
				DEBUG_INFORMATION_FORMAT = dwarf;
				ENABLE_STRICT_OBJC_MSGSEND = YES;
				ENABLE_TESTABILITY = YES;
				GCC_C_LANGUAGE_STANDARD = gnu99;
				GCC_DYNAMIC_NO_PIC = NO;
				GCC_NO_COMMON_BLOCKS = YES;
				GCC_OPTIMIZATION_LEVEL = 0;
				GCC_PREPROCESSOR_DEFINITIONS = (
					"DEBUG=1",
					"$(inherited)",
				);
				GCC_WARN_64_TO_32_BIT_CONVERSION = YES;
				GCC_WARN_ABOUT_RETURN_TYPE = YES_ERROR;
				GCC_WARN_UNDECLARED_SELECTOR = YES;
				GCC_WARN_UNINITIALIZED_AUTOS = YES_AGGRESSIVE;
				GCC_WARN_UNUSED_FUNCTION = YES;
				GCC_WARN_UNUSED_VARIABLE = YES;
				IPHONEOS_DEPLOYMENT_TARGET = 10.3;
				MTL_ENABLE_DEBUG_INFO = YES;
				ONLY_ACTIVE_ARCH = YES;
				SDKROOT = iphoneos;
				SWIFT_ACTIVE_COMPILATION_CONDITIONS = DEBUG;
				SWIFT_OPTIMIZATION_LEVEL = "-Onone";
			};
			name = Debug;
		};
		43E4AE971F63309D00114D14 /* Release */ = {
			isa = XCBuildConfiguration;
			buildSettings = {
				ALWAYS_SEARCH_USER_PATHS = NO;
				CLANG_ANALYZER_NONNULL = YES;
				CLANG_ANALYZER_NUMBER_OBJECT_CONVERSION = YES_AGGRESSIVE;
				CLANG_CXX_LANGUAGE_STANDARD = "gnu++0x";
				CLANG_CXX_LIBRARY = "libc++";
				CLANG_ENABLE_MODULES = YES;
				CLANG_ENABLE_OBJC_ARC = YES;
				CLANG_WARN_BOOL_CONVERSION = YES;
				CLANG_WARN_CONSTANT_CONVERSION = YES;
				CLANG_WARN_DIRECT_OBJC_ISA_USAGE = YES_ERROR;
				CLANG_WARN_DOCUMENTATION_COMMENTS = YES;
				CLANG_WARN_EMPTY_BODY = YES;
				CLANG_WARN_ENUM_CONVERSION = YES;
				CLANG_WARN_INFINITE_RECURSION = YES;
				CLANG_WARN_INT_CONVERSION = YES;
				CLANG_WARN_OBJC_ROOT_CLASS = YES_ERROR;
				CLANG_WARN_SUSPICIOUS_MOVE = YES;
				CLANG_WARN_UNREACHABLE_CODE = YES;
				CLANG_WARN__DUPLICATE_METHOD_MATCH = YES;
				"CODE_SIGN_IDENTITY[sdk=iphoneos*]" = "iPhone Developer";
				COPY_PHASE_STRIP = NO;
				DEBUG_INFORMATION_FORMAT = "dwarf-with-dsym";
				ENABLE_NS_ASSERTIONS = NO;
				ENABLE_STRICT_OBJC_MSGSEND = YES;
				GCC_C_LANGUAGE_STANDARD = gnu99;
				GCC_NO_COMMON_BLOCKS = YES;
				GCC_WARN_64_TO_32_BIT_CONVERSION = YES;
				GCC_WARN_ABOUT_RETURN_TYPE = YES_ERROR;
				GCC_WARN_UNDECLARED_SELECTOR = YES;
				GCC_WARN_UNINITIALIZED_AUTOS = YES_AGGRESSIVE;
				GCC_WARN_UNUSED_FUNCTION = YES;
				GCC_WARN_UNUSED_VARIABLE = YES;
				IPHONEOS_DEPLOYMENT_TARGET = 10.3;
				MTL_ENABLE_DEBUG_INFO = NO;
				SDKROOT = iphoneos;
				SWIFT_OPTIMIZATION_LEVEL = "-Owholemodule";
				VALIDATE_PRODUCT = YES;
			};
			name = Release;
		};
		43E4AE991F63309D00114D14 /* Debug */ = {
			isa = XCBuildConfiguration;
			buildSettings = {
				ASSETCATALOG_COMPILER_APPICON_NAME = AppIcon;
				DEVELOPMENT_TEAM = X5DLQ488SL;
				INFOPLIST_FILE = Test/Resources/Info.plist;
				LD_RUNPATH_SEARCH_PATHS = "$(inherited) @executable_path/Frameworks";
				PRODUCT_BUNDLE_IDENTIFIER = amurovsky.Test;
				PRODUCT_NAME = "$(TARGET_NAME)";
				SWIFT_VERSION = 3.0;
			};
			name = Debug;
		};
		43E4AE9A1F63309D00114D14 /* Release */ = {
			isa = XCBuildConfiguration;
			buildSettings = {
				ASSETCATALOG_COMPILER_APPICON_NAME = AppIcon;
				DEVELOPMENT_TEAM = X5DLQ488SL;
				INFOPLIST_FILE = Test/Resources/Info.plist;
				LD_RUNPATH_SEARCH_PATHS = "$(inherited) @executable_path/Frameworks";
				PRODUCT_BUNDLE_IDENTIFIER = amurovsky.Test;
				PRODUCT_NAME = "$(TARGET_NAME)";
				SWIFT_VERSION = 3.0;
			};
			name = Release;
		};
/* End XCBuildConfiguration section */

/* Begin XCConfigurationList section */
		43E4AE811F63309D00114D14 /* Build configuration list for PBXProject "Test" */ = {
			isa = XCConfigurationList;
			buildConfigurations = (
				43E4AE961F63309D00114D14 /* Debug */,
				43E4AE971F63309D00114D14 /* Release */,
			);
			defaultConfigurationIsVisible = 0;
			defaultConfigurationName = Release;
		};
		43E4AE981F63309D00114D14 /* Build configuration list for PBXNativeTarget "Test" */ = {
			isa = XCConfigurationList;
			buildConfigurations = (
				43E4AE991F63309D00114D14 /* Debug */,
				43E4AE9A1F63309D00114D14 /* Release */,
			);
			defaultConfigurationIsVisible = 0;
			defaultConfigurationName = Release;
		};
/* End XCConfigurationList section */
	};
	rootObject = 43E4AE7E1F63309D00114D14 /* Project object */;
}
